
Microsoft Visual Studio Solution File, Format Version 12.00
# Visual Studio Version 16
VisualStudioVersion = 16.0.29905.134
MinimumVisualStudioVersion = 10.0.40219.1
Project("{2150E333-8FDC-42A3-9474-1A3956D46DE8}") = "src", "src", "{3ECF0AF4-215A-450E-B183-051B718739E2}"
EndProject
Project("{2150E333-8FDC-42A3-9474-1A3956D46DE8}") = "tests", "tests", "{63488D10-FF73-4164-8423-8C60455356A1}"
EndProject
Project("{FAE04EC0-301F-11D3-BF4B-00C04F79EFBC}") = "Test_IndeedIdWallet.API", "src\Test_IndeedIdWallet.API\Test_IndeedIdWallet.API.csproj", "{96A2AE2C-727C-4F6E-9EB7-67B8FE9F8CBF}"
EndProject
Project("{FAE04EC0-301F-11D3-BF4B-00C04F79EFBC}") = "Test_IndeedIdWallet.Core", "src\Test_IndeedIdWallet.Core\Test_IndeedIdWallet.Core.csproj", "{87A6E30A-3875-4CBC-A2A1-A996E748EE9A}"
EndProject
Project("{FAE04EC0-301F-11D3-BF4B-00C04F79EFBC}") = "Test_IndeedIdWallet.Infrastructure", "Test_IndeedIdWallet.Infrastructure\Test_IndeedIdWallet.Infrastructure.csproj", "{F5BDD12C-9B07-42FD-B952-A41121810C6D}"
EndProject
Global
	GlobalSection(SolutionConfigurationPlatforms) = preSolution
		Debug|Any CPU = Debug|Any CPU
		Release|Any CPU = Release|Any CPU
	EndGlobalSection
	GlobalSection(ProjectConfigurationPlatforms) = postSolution
		{96A2AE2C-727C-4F6E-9EB7-67B8FE9F8CBF}.Debug|Any CPU.ActiveCfg = Debug|Any CPU
		{96A2AE2C-727C-4F6E-9EB7-67B8FE9F8CBF}.Debug|Any CPU.Build.0 = Debug|Any CPU
		{96A2AE2C-727C-4F6E-9EB7-67B8FE9F8CBF}.Release|Any CPU.ActiveCfg = Release|Any CPU
		{96A2AE2C-727C-4F6E-9EB7-67B8FE9F8CBF}.Release|Any CPU.Build.0 = Release|Any CPU
		{87A6E30A-3875-4CBC-A2A1-A996E748EE9A}.Debug|Any CPU.ActiveCfg = Debug|Any CPU
		{87A6E30A-3875-4CBC-A2A1-A996E748EE9A}.Debug|Any CPU.Build.0 = Debug|Any CPU
		{87A6E30A-3875-4CBC-A2A1-A996E748EE9A}.Release|Any CPU.ActiveCfg = Release|Any CPU
		{87A6E30A-3875-4CBC-A2A1-A996E748EE9A}.Release|Any CPU.Build.0 = Release|Any CPU
		{F5BDD12C-9B07-42FD-B952-A41121810C6D}.Debug|Any CPU.ActiveCfg = Debug|Any CPU
		{F5BDD12C-9B07-42FD-B952-A41121810C6D}.Debug|Any CPU.Build.0 = Debug|Any CPU
		{F5BDD12C-9B07-42FD-B952-A41121810C6D}.Release|Any CPU.ActiveCfg = Release|Any CPU
		{F5BDD12C-9B07-42FD-B952-A41121810C6D}.Release|Any CPU.Build.0 = Release|Any CPU
	EndGlobalSection
	GlobalSection(SolutionProperties) = preSolution
		HideSolutionNode = FALSE
	EndGlobalSection
	GlobalSection(NestedProjects) = preSolution
		{96A2AE2C-727C-4F6E-9EB7-67B8FE9F8CBF} = {3ECF0AF4-215A-450E-B183-051B718739E2}
		{87A6E30A-3875-4CBC-A2A1-A996E748EE9A} = {3ECF0AF4-215A-450E-B183-051B718739E2}
		{F5BDD12C-9B07-42FD-B952-A41121810C6D} = {3ECF0AF4-215A-450E-B183-051B718739E2}
	EndGlobalSection
	GlobalSection(ExtensibilityGlobals) = postSolution
		SolutionGuid = {FA9DD0C1-88FC-4E84-967D-BF6073EF4B2A}
	EndGlobalSection
EndGlobal
